
Microsoft Visual Studio Solution File, Format Version 12.00
# Visual Studio 2013
VisualStudioVersion = 12.0.21005.1
MinimumVisualStudioVersion = 10.0.40219.1
Project("{FAE04EC0-301F-11D3-BF4B-00C04F79EFBC}") = "ProcessMonitoring", "ProcessMonitoring\ProcessMonitoring.csproj", "{5399E445-436F-4867-B309-CD876D6E2D0B}"
EndProject
Project("{FAE04EC0-301F-11D3-BF4B-00C04F79EFBC}") = "PMDatabaseUpdate", "PMDatabaseUpdate\PMDatabaseUpdate.csproj", "{1D9513CB-B8D6-48F0-A47C-593C4CE9C4D8}"
EndProject
Project("{FAE04EC0-301F-11D3-BF4B-00C04F79EFBC}") = "SoftwareUsage", "SoftwareUsage\SoftwareUsage.csproj", "{A7B523C5-45FD-4542-B63A-7354514AF240}"
EndProject
Global
	GlobalSection(SolutionConfigurationPlatforms) = preSolution
		Debug|Any CPU = Debug|Any CPU
		Release|Any CPU = Release|Any CPU
	EndGlobalSection
	GlobalSection(ProjectConfigurationPlatforms) = postSolution
		{5399E445-436F-4867-B309-CD876D6E2D0B}.Debug|Any CPU.ActiveCfg = Debug|Any CPU
		{5399E445-436F-4867-B309-CD876D6E2D0B}.Debug|Any CPU.Build.0 = Debug|Any CPU
		{5399E445-436F-4867-B309-CD876D6E2D0B}.Release|Any CPU.ActiveCfg = Release|Any CPU
		{5399E445-436F-4867-B309-CD876D6E2D0B}.Release|Any CPU.Build.0 = Release|Any CPU
		{1D9513CB-B8D6-48F0-A47C-593C4CE9C4D8}.Debug|Any CPU.ActiveCfg = Debug|Any CPU
		{1D9513CB-B8D6-48F0-A47C-593C4CE9C4D8}.Debug|Any CPU.Build.0 = Debug|Any CPU
		{1D9513CB-B8D6-48F0-A47C-593C4CE9C4D8}.Release|Any CPU.ActiveCfg = Release|Any CPU
		{1D9513CB-B8D6-48F0-A47C-593C4CE9C4D8}.Release|Any CPU.Build.0 = Release|Any CPU
		{A7B523C5-45FD-4542-B63A-7354514AF240}.Debug|Any CPU.ActiveCfg = Debug|Any CPU
		{A7B523C5-45FD-4542-B63A-7354514AF240}.Debug|Any CPU.Build.0 = Debug|Any CPU
		{A7B523C5-45FD-4542-B63A-7354514AF240}.Release|Any CPU.ActiveCfg = Release|Any CPU
		{A7B523C5-45FD-4542-B63A-7354514AF240}.Release|Any CPU.Build.0 = Release|Any CPU
	EndGlobalSection
	GlobalSection(SolutionProperties) = preSolution
		HideSolutionNode = FALSE
	EndGlobalSection
EndGlobal
